// !$*UTF8*$!
{
	archiveVersion = 1;
	classes = {
	};
	objectVersion = 50;
	objects = {

/* Begin PBXBuildFile section */
		114846C822DF58F40051C528 /* AppDelegate.swift in Sources */ = {isa = PBXBuildFile; fileRef = 114846C722DF58F40051C528 /* AppDelegate.swift */; };
		114846CA22DF58F40051C528 /* ViewController.swift in Sources */ = {isa = PBXBuildFile; fileRef = 114846C922DF58F40051C528 /* ViewController.swift */; };
		114846CC22DF58F50051C528 /* Assets.xcassets in Resources */ = {isa = PBXBuildFile; fileRef = 114846CB22DF58F50051C528 /* Assets.xcassets */; };
		114846CF22DF58F50051C528 /* Main.storyboard in Resources */ = {isa = PBXBuildFile; fileRef = 114846CD22DF58F50051C528 /* Main.storyboard */; };
		6D99AA4B859EDB2577BB7B75 /* Pods_QRMaker.framework in Frameworks */ = {isa = PBXBuildFile; fileRef = 7D2D1C3CD3DA134AF2089E5A /* Pods_QRMaker.framework */; };
/* End PBXBuildFile section */

/* Begin PBXFileReference section */
		114846C422DF58F40051C528 /* QRMaker.app */ = {isa = PBXFileReference; explicitFileType = wrapper.application; includeInIndex = 0; path = QRMaker.app; sourceTree = BUILT_PRODUCTS_DIR; };
		114846C722DF58F40051C528 /* AppDelegate.swift */ = {isa = PBXFileReference; lastKnownFileType = sourcecode.swift; path = AppDelegate.swift; sourceTree = "<group>"; };
		114846C922DF58F40051C528 /* ViewController.swift */ = {isa = PBXFileReference; lastKnownFileType = sourcecode.swift; path = ViewController.swift; sourceTree = "<group>"; };
		114846CB22DF58F50051C528 /* Assets.xcassets */ = {isa = PBXFileReference; lastKnownFileType = folder.assetcatalog; path = Assets.xcassets; sourceTree = "<group>"; };
		114846CE22DF58F50051C528 /* Base */ = {isa = PBXFileReference; lastKnownFileType = file.storyboard; name = Base; path = Base.lproj/Main.storyboard; sourceTree = "<group>"; };
		114846D022DF58F50051C528 /* Info.plist */ = {isa = PBXFileReference; lastKnownFileType = text.plist.xml; path = Info.plist; sourceTree = "<group>"; };
		114846D122DF58F50051C528 /* QRMaker.entitlements */ = {isa = PBXFileReference; lastKnownFileType = text.plist.entitlements; path = QRMaker.entitlements; sourceTree = "<group>"; };
		286E4FCC62ED010FE4E78FB0 /* Pods-QRMaker.release.xcconfig */ = {isa = PBXFileReference; includeInIndex = 1; lastKnownFileType = text.xcconfig; name = "Pods-QRMaker.release.xcconfig"; path = "Target Support Files/Pods-QRMaker/Pods-QRMaker.release.xcconfig"; sourceTree = "<group>"; };
		7D2D1C3CD3DA134AF2089E5A /* Pods_QRMaker.framework */ = {isa = PBXFileReference; explicitFileType = wrapper.framework; includeInIndex = 0; path = Pods_QRMaker.framework; sourceTree = BUILT_PRODUCTS_DIR; };
		A81C135C46D7C88AC895CB05 /* Pods-QRMaker.debug.xcconfig */ = {isa = PBXFileReference; includeInIndex = 1; lastKnownFileType = text.xcconfig; name = "Pods-QRMaker.debug.xcconfig"; path = "Target Support Files/Pods-QRMaker/Pods-QRMaker.debug.xcconfig"; sourceTree = "<group>"; };
/* End PBXFileReference section */

/* Begin PBXFrameworksBuildPhase section */
		114846C122DF58F40051C528 /* Frameworks */ = {
			isa = PBXFrameworksBuildPhase;
			buildActionMask = 2147483647;
			files = (
				6D99AA4B859EDB2577BB7B75 /* Pods_QRMaker.framework in Frameworks */,
			);
			runOnlyForDeploymentPostprocessing = 0;
		};
/* End PBXFrameworksBuildPhase section */

/* Begin PBXGroup section */
		114846BB22DF58F40051C528 = {
			isa = PBXGroup;
			children = (
				114846C622DF58F40051C528 /* QRMaker */,
				114846C522DF58F40051C528 /* Products */,
				746E363E224289AC59ADF83C /* Pods */,
				56A1235267DD54BCCB8ADB87 /* Frameworks */,
			);
			sourceTree = "<group>";
		};
		114846C522DF58F40051C528 /* Products */ = {
			isa = PBXGroup;
			children = (
				114846C422DF58F40051C528 /* QRMaker.app */,
			);
			name = Products;
			sourceTree = "<group>";
		};
		114846C622DF58F40051C528 /* QRMaker */ = {
			isa = PBXGroup;
			children = (
				114846C722DF58F40051C528 /* AppDelegate.swift */,
				114846C922DF58F40051C528 /* ViewController.swift */,
				114846CB22DF58F50051C528 /* Assets.xcassets */,
				114846CD22DF58F50051C528 /* Main.storyboard */,
				114846D022DF58F50051C528 /* Info.plist */,
				114846D122DF58F50051C528 /* QRMaker.entitlements */,
			);
			path = QRMaker;
			sourceTree = "<group>";
		};
		56A1235267DD54BCCB8ADB87 /* Frameworks */ = {
			isa = PBXGroup;
			children = (
				7D2D1C3CD3DA134AF2089E5A /* Pods_QRMaker.framework */,
			);
			name = Frameworks;
			sourceTree = "<group>";
		};
		746E363E224289AC59ADF83C /* Pods */ = {
			isa = PBXGroup;
			children = (
				A81C135C46D7C88AC895CB05 /* Pods-QRMaker.debug.xcconfig */,
				286E4FCC62ED010FE4E78FB0 /* Pods-QRMaker.release.xcconfig */,
			);
			name = Pods;
			path = Pods;
			sourceTree = "<group>";
		};
/* End PBXGroup section */

/* Begin PBXNativeTarget section */
		114846C322DF58F40051C528 /* QRMaker */ = {
			isa = PBXNativeTarget;
			buildConfigurationList = 114846D422DF58F50051C528 /* Build configuration list for PBXNativeTarget "QRMaker" */;
			buildPhases = (
				072DCA04984316CDCED2ECC1 /* [CP] Check Pods Manifest.lock */,
				114846C022DF58F40051C528 /* Sources */,
				114846C122DF58F40051C528 /* Frameworks */,
				114846C222DF58F40051C528 /* Resources */,
				0F8C7DBD1263C5353D6C1DBC /* [CP] Embed Pods Frameworks */,
			);
			buildRules = (
			);
			dependencies = (
			);
			name = QRMaker;
			productName = QRMaker;
			productReference = 114846C422DF58F40051C528 /* QRMaker.app */;
			productType = "com.apple.product-type.application";
		};
/* End PBXNativeTarget section */

/* Begin PBXProject section */
		114846BC22DF58F40051C528 /* Project object */ = {
			isa = PBXProject;
			attributes = {
				LastSwiftUpdateCheck = 1020;
				LastUpgradeCheck = 1020;
				ORGANIZATIONNAME = finefine;
				TargetAttributes = {
					114846C322DF58F40051C528 = {
						CreatedOnToolsVersion = 10.2.1;
					};
				};
			};
			buildConfigurationList = 114846BF22DF58F40051C528 /* Build configuration list for PBXProject "QRMaker" */;
			compatibilityVersion = "Xcode 9.3";
			developmentRegion = en;
			hasScannedForEncodings = 0;
			knownRegions = (
				en,
				Base,
			);
			mainGroup = 114846BB22DF58F40051C528;
			productRefGroup = 114846C522DF58F40051C528 /* Products */;
			projectDirPath = "";
			projectRoot = "";
			targets = (
				114846C322DF58F40051C528 /* QRMaker */,
			);
		};
/* End PBXProject section */

/* Begin PBXResourcesBuildPhase section */
		114846C222DF58F40051C528 /* Resources */ = {
			isa = PBXResourcesBuildPhase;
			buildActionMask = 2147483647;
			files = (
				114846CC22DF58F50051C528 /* Assets.xcassets in Resources */,
				114846CF22DF58F50051C528 /* Main.storyboard in Resources */,
			);
			runOnlyForDeploymentPostprocessing = 0;
		};
/* End PBXResourcesBuildPhase section */

/* Begin PBXShellScriptBuildPhase section */
		072DCA04984316CDCED2ECC1 /* [CP] Check Pods Manifest.lock */ = {
			isa = PBXShellScriptBuildPhase;
			buildActionMask = 2147483647;
			files = (
			);
			inputFileListPaths = (
			);
			inputPaths = (
				"${PODS_PODFILE_DIR_PATH}/Podfile.lock",
				"${PODS_ROOT}/Manifest.lock",
			);
			name = "[CP] Check Pods Manifest.lock";
			outputFileListPaths = (
			);
			outputPaths = (
				"$(DERIVED_FILE_DIR)/Pods-QRMaker-checkManifestLockResult.txt",
			);
			runOnlyForDeploymentPostprocessing = 0;
			shellPath = /bin/sh;
			shellScript = "diff \"${PODS_PODFILE_DIR_PATH}/Podfile.lock\" \"${PODS_ROOT}/Manifest.lock\" > /dev/null\nif [ $? != 0 ] ; then\n    # print error to STDERR\n    echo \"error: The sandbox is not in sync with the Podfile.lock. Run 'pod install' or update your CocoaPods installation.\" >&2\n    exit 1\nfi\n# This output is used by Xcode 'outputs' to avoid re-running this script phase.\necho \"SUCCESS\" > \"${SCRIPT_OUTPUT_FILE_0}\"\n";
			showEnvVarsInLog = 0;
		};
		0F8C7DBD1263C5353D6C1DBC /* [CP] Embed Pods Frameworks */ = {
			isa = PBXShellScriptBuildPhase;
			buildActionMask = 2147483647;
			files = (
			);
			inputFileListPaths = (
			);
			inputPaths = (
				"${PODS_ROOT}/Target Support Files/Pods-QRMaker/Pods-QRMaker-frameworks.sh",
				"${BUILT_PRODUCTS_DIR}/EFQRCode/EFQRCode.framework",
				"${BUILT_PRODUCTS_DIR}/swift_qrcodejs/swift_qrcodejs.framework",
			);
			name = "[CP] Embed Pods Frameworks";
			outputFileListPaths = (
			);
			outputPaths = (
				"${TARGET_BUILD_DIR}/${FRAMEWORKS_FOLDER_PATH}/EFQRCode.framework",
				"${TARGET_BUILD_DIR}/${FRAMEWORKS_FOLDER_PATH}/swift_qrcodejs.framework",
			);
			runOnlyForDeploymentPostprocessing = 0;
			shellPath = /bin/sh;
			shellScript = "\"${PODS_ROOT}/Target Support Files/Pods-QRMaker/Pods-QRMaker-frameworks.sh\"\n";
			showEnvVarsInLog = 0;
		};
/* End PBXShellScriptBuildPhase section */

/* Begin PBXSourcesBuildPhase section */
		114846C022DF58F40051C528 /* Sources */ = {
			isa = PBXSourcesBuildPhase;
			buildActionMask = 2147483647;
			files = (
				114846CA22DF58F40051C528 /* ViewController.swift in Sources */,
				114846C822DF58F40051C528 /* AppDelegate.swift in Sources */,
			);
			runOnlyForDeploymentPostprocessing = 0;
		};
/* End PBXSourcesBuildPhase section */

/* Begin PBXVariantGroup section */
		114846CD22DF58F50051C528 /* Main.storyboard */ = {
			isa = PBXVariantGroup;
			children = (
				114846CE22DF58F50051C528 /* Base */,
			);
			name = Main.storyboard;
			sourceTree = "<group>";
		};
/* End PBXVariantGroup section */

/* Begin XCBuildConfiguration section */
		114846D222DF58F50051C528 /* Debug */ = {
			isa = XCBuildConfiguration;
			buildSettings = {
				ALWAYS_SEARCH_USER_PATHS = NO;
				CLANG_ANALYZER_NONNULL = YES;
				CLANG_ANALYZER_NUMBER_OBJECT_CONVERSION = YES_AGGRESSIVE;
				CLANG_CXX_LANGUAGE_STANDARD = "gnu++14";
				CLANG_CXX_LIBRARY = "libc++";
				CLANG_ENABLE_MODULES = YES;
				CLANG_ENABLE_OBJC_ARC = YES;
				CLANG_ENABLE_OBJC_WEAK = YES;
				CLANG_WARN_BLOCK_CAPTURE_AUTORELEASING = YES;
				CLANG_WARN_BOOL_CONVERSION = YES;
				CLANG_WARN_COMMA = YES;
				CLANG_WARN_CONSTANT_CONVERSION = YES;
				CLANG_WARN_DEPRECATED_OBJC_IMPLEMENTATIONS = YES;
				CLANG_WARN_DIRECT_OBJC_ISA_USAGE = YES_ERROR;
				CLANG_WARN_DOCUMENTATION_COMMENTS = YES;
				CLANG_WARN_EMPTY_BODY = YES;
				CLANG_WARN_ENUM_CONVERSION = YES;
				CLANG_WARN_INFINITE_RECURSION = YES;
				CLANG_WARN_INT_CONVERSION = YES;
				CLANG_WARN_NON_LITERAL_NULL_CONVERSION = YES;
				CLANG_WARN_OBJC_IMPLICIT_RETAIN_SELF = YES;
				CLANG_WARN_OBJC_LITERAL_CONVERSION = YES;
				CLANG_WARN_OBJC_ROOT_CLASS = YES_ERROR;
				CLANG_WARN_RANGE_LOOP_ANALYSIS = YES;
				CLANG_WARN_STRICT_PROTOTYPES = YES;
				CLANG_WARN_SUSPICIOUS_MOVE = YES;
				CLANG_WARN_UNGUARDED_AVAILABILITY = YES_AGGRESSIVE;
				CLANG_WARN_UNREACHABLE_CODE = YES;
				CLANG_WARN__DUPLICATE_METHOD_MATCH = YES;
				CODE_SIGN_IDENTITY = "Mac Developer";
				COPY_PHASE_STRIP = NO;
				DEBUG_INFORMATION_FORMAT = dwarf;
				ENABLE_STRICT_OBJC_MSGSEND = YES;
				ENABLE_TESTABILITY = YES;
				GCC_C_LANGUAGE_STANDARD = gnu11;
				GCC_DYNAMIC_NO_PIC = NO;
				GCC_NO_COMMON_BLOCKS = YES;
				GCC_OPTIMIZATION_LEVEL = 0;
				GCC_PREPROCESSOR_DEFINITIONS = (
					"DEBUG=1",
					"$(inherited)",
				);
				GCC_WARN_64_TO_32_BIT_CONVERSION = YES;
				GCC_WARN_ABOUT_RETURN_TYPE = YES_ERROR;
				GCC_WARN_UNDECLARED_SELECTOR = YES;
				GCC_WARN_UNINITIALIZED_AUTOS = YES_AGGRESSIVE;
				GCC_WARN_UNUSED_FUNCTION = YES;
				GCC_WARN_UNUSED_VARIABLE = YES;
				MACOSX_DEPLOYMENT_TARGET = 10.14;
				MTL_ENABLE_DEBUG_INFO = INCLUDE_SOURCE;
				MTL_FAST_MATH = YES;
				ONLY_ACTIVE_ARCH = YES;
				SDKROOT = macosx;
				SWIFT_ACTIVE_COMPILATION_CONDITIONS = DEBUG;
				SWIFT_OPTIMIZATION_LEVEL = "-Onone";
			};
			name = Debug;
		};
		114846D322DF58F50051C528 /* Release */ = {
			isa = XCBuildConfiguration;
			buildSettings = {
				ALWAYS_SEARCH_USER_PATHS = NO;
				CLANG_ANALYZER_NONNULL = YES;
				CLANG_ANALYZER_NUMBER_OBJECT_CONVERSION = YES_AGGRESSIVE;
				CLANG_CXX_LANGUAGE_STANDARD = "gnu++14";
				CLANG_CXX_LIBRARY = "libc++";
				CLANG_ENABLE_MODULES = YES;
				CLANG_ENABLE_OBJC_ARC = YES;
				CLANG_ENABLE_OBJC_WEAK = YES;
				CLANG_WARN_BLOCK_CAPTURE_AUTORELEASING = YES;
				CLANG_WARN_BOOL_CONVERSION = YES;
				CLANG_WARN_COMMA = YES;
				CLANG_WARN_CONSTANT_CONVERSION = YES;
				CLANG_WARN_DEPRECATED_OBJC_IMPLEMENTATIONS = YES;
				CLANG_WARN_DIRECT_OBJC_ISA_USAGE = YES_ERROR;
				CLANG_WARN_DOCUMENTATION_COMMENTS = YES;
				CLANG_WARN_EMPTY_BODY = YES;
				CLANG_WARN_ENUM_CONVERSION = YES;
				CLANG_WARN_INFINITE_RECURSION = YES;
				CLANG_WARN_INT_CONVERSION = YES;
				CLANG_WARN_NON_LITERAL_NULL_CONVERSION = YES;
				CLANG_WARN_OBJC_IMPLICIT_RETAIN_SELF = YES;
				CLANG_WARN_OBJC_LITERAL_CONVERSION = YES;
				CLANG_WARN_OBJC_ROOT_CLASS = YES_ERROR;
				CLANG_WARN_RANGE_LOOP_ANALYSIS = YES;
				CLANG_WARN_STRICT_PROTOTYPES = YES;
				CLANG_WARN_SUSPICIOUS_MOVE = YES;
				CLANG_WARN_UNGUARDED_AVAILABILITY = YES_AGGRESSIVE;
				CLANG_WARN_UNREACHABLE_CODE = YES;
				CLANG_WARN__DUPLICATE_METHOD_MATCH = YES;
				CODE_SIGN_IDENTITY = "Mac Developer";
				COPY_PHASE_STRIP = NO;
				DEBUG_INFORMATION_FORMAT = "dwarf-with-dsym";
				ENABLE_NS_ASSERTIONS = NO;
				ENABLE_STRICT_OBJC_MSGSEND = YES;
				GCC_C_LANGUAGE_STANDARD = gnu11;
				GCC_NO_COMMON_BLOCKS = YES;
				GCC_WARN_64_TO_32_BIT_CONVERSION = YES;
				GCC_WARN_ABOUT_RETURN_TYPE = YES_ERROR;
				GCC_WARN_UNDECLARED_SELECTOR = YES;
				GCC_WARN_UNINITIALIZED_AUTOS = YES_AGGRESSIVE;
				GCC_WARN_UNUSED_FUNCTION = YES;
				GCC_WARN_UNUSED_VARIABLE = YES;
				MACOSX_DEPLOYMENT_TARGET = 10.14;
				MTL_ENABLE_DEBUG_INFO = NO;
				MTL_FAST_MATH = YES;
				SDKROOT = macosx;
				SWIFT_COMPILATION_MODE = wholemodule;
				SWIFT_OPTIMIZATION_LEVEL = "-O";
			};
			name = Release;
		};
		114846D522DF58F50051C528 /* Debug */ = {
			isa = XCBuildConfiguration;
			baseConfigurationReference = A81C135C46D7C88AC895CB05 /* Pods-QRMaker.debug.xcconfig */;
			buildSettings = {
				ASSETCATALOG_COMPILER_APPICON_NAME = AppIcon;
				CODE_SIGN_ENTITLEMENTS = QRMaker/QRMaker.entitlements;
				CODE_SIGN_STYLE = Automatic;
				COMBINE_HIDPI_IMAGES = YES;
				DEVELOPMENT_TEAM = QFNEHUV3DG;
				INFOPLIST_FILE = QRMaker/Info.plist;
				LD_RUNPATH_SEARCH_PATHS = (
					"$(inherited)",
					"@executable_path/../Frameworks",
				);
				MACOSX_DEPLOYMENT_TARGET = 10.10;
				PRODUCT_BUNDLE_IDENTIFIER = com.finefine.QRMaker;
				PRODUCT_NAME = "$(TARGET_NAME)";
				SWIFT_VERSION = 5.0;
			};
			name = Debug;
		};
		114846D622DF58F50051C528 /* Release */ = {
			isa = XCBuildConfiguration;
			baseConfigurationReference = 286E4FCC62ED010FE4E78FB0 /* Pods-QRMaker.release.xcconfig */;
			buildSettings = {
				ASSETCATALOG_COMPILER_APPICON_NAME = AppIcon;
				CODE_SIGN_ENTITLEMENTS = QRMaker/QRMaker.entitlements;
				CODE_SIGN_STYLE = Automatic;
				COMBINE_HIDPI_IMAGES = YES;
				DEVELOPMENT_TEAM = QFNEHUV3DG;
				INFOPLIST_FILE = QRMaker/Info.plist;
				LD_RUNPATH_SEARCH_PATHS = (
					"$(inherited)",
					"@executable_path/../Frameworks",
				);
				MACOSX_DEPLOYMENT_TARGET = 10.10;
				PRODUCT_BUNDLE_IDENTIFIER = com.finefine.QRMaker;
				PRODUCT_NAME = "$(TARGET_NAME)";
				SWIFT_VERSION = 5.0;
			};
			name = Release;
		};
/* End XCBuildConfiguration section */

/* Begin XCConfigurationList section */
		114846BF22DF58F40051C528 /* Build configuration list for PBXProject "QRMaker" */ = {
			isa = XCConfigurationList;
			buildConfigurations = (
				114846D222DF58F50051C528 /* Debug */,
				114846D322DF58F50051C528 /* Release */,
			);
			defaultConfigurationIsVisible = 0;
			defaultConfigurationName = Release;
		};
		114846D422DF58F50051C528 /* Build configuration list for PBXNativeTarget "QRMaker" */ = {
			isa = XCConfigurationList;
			buildConfigurations = (
				114846D522DF58F50051C528 /* Debug */,
				114846D622DF58F50051C528 /* Release */,
			);
			defaultConfigurationIsVisible = 0;
			defaultConfigurationName = Release;
		};
/* End XCConfigurationList section */
	};
	rootObject = 114846BC22DF58F40051C528 /* Project object */;
}
